
Microsoft Visual Studio Solution File, Format Version 12.00
# Visual Studio Version 17
VisualStudioVersion = 17.8.34511.84
MinimumVisualStudioVersion = 10.0.40219.1
Project("{FAE04EC0-301F-11D3-BF4B-00C04F79EFBC}") = "ToysAndGifts", "ToysAndGifts.csproj", "{2CB69367-4DD7-4F22-84AC-95A62CE0F388}"
EndProject
Global
	GlobalSection(SolutionConfigurationPlatforms) = preSolution
		Debug|Any CPU = Debug|Any CPU
		Release|Any CPU = Release|Any CPU
	EndGlobalSection
	GlobalSection(ProjectConfigurationPlatforms) = postSolution
		{2CB69367-4DD7-4F22-84AC-95A62CE0F388}.Debug|Any CPU.ActiveCfg = Debug|Any CPU
		{2CB69367-4DD7-4F22-84AC-95A62CE0F388}.Debug|Any CPU.Build.0 = Debug|Any CPU
		{2CB69367-4DD7-4F22-84AC-95A62CE0F388}.Release|Any CPU.ActiveCfg = Release|Any CPU
		{2CB69367-4DD7-4F22-84AC-95A62CE0F388}.Release|Any CPU.Build.0 = Release|Any CPU
	EndGlobalSection
	GlobalSection(SolutionProperties) = preSolution
		HideSolutionNode = FALSE
	EndGlobalSection
	GlobalSection(ExtensibilityGlobals) = postSolution
		SolutionGuid = {173D47B0-A44F-4B5C-B7C5-CBA2B88631C5}
	EndGlobalSection
EndGlobal
